
Microsoft Visual Studio Solution File, Format Version 12.00
Project("{FAE04EC0-301F-11D3-BF4B-00C04F79EFBC}") = "Assignment1", "Assignment1\Assignment1.csproj", "{47D57B00-9C44-4C10-B0B7-4CAE61418D87}"
EndProject
Project("{FAE04EC0-301F-11D3-BF4B-00C04F79EFBC}") = "Assignment1.Test", "Assignment1.Test\Assignment1.Test.csproj", "{C28D277E-B391-4ECC-9821-10196366214A}"
EndProject
Global
	GlobalSection(SolutionConfigurationPlatforms) = preSolution
		Debug|Any CPU = Debug|Any CPU
		Release|Any CPU = Release|Any CPU
	EndGlobalSection
	GlobalSection(ProjectConfigurationPlatforms) = postSolution
		{47D57B00-9C44-4C10-B0B7-4CAE61418D87}.Debug|Any CPU.ActiveCfg = Debug|Any CPU
		{47D57B00-9C44-4C10-B0B7-4CAE61418D87}.Debug|Any CPU.Build.0 = Debug|Any CPU
		{47D57B00-9C44-4C10-B0B7-4CAE61418D87}.Release|Any CPU.ActiveCfg = Release|Any CPU
		{47D57B00-9C44-4C10-B0B7-4CAE61418D87}.Release|Any CPU.Build.0 = Release|Any CPU
		{C28D277E-B391-4ECC-9821-10196366214A}.Debug|Any CPU.ActiveCfg = Debug|Any CPU
		{C28D277E-B391-4ECC-9821-10196366214A}.Debug|Any CPU.Build.0 = Debug|Any CPU
		{C28D277E-B391-4ECC-9821-10196366214A}.Release|Any CPU.ActiveCfg = Release|Any CPU
		{C28D277E-B391-4ECC-9821-10196366214A}.Release|Any CPU.Build.0 = Release|Any CPU
	EndGlobalSection
EndGlobal
